
Microsoft Visual Studio Solution File, Format Version 12.00
# Visual Studio Version 17
VisualStudioVersion = 17.8.34330.188
MinimumVisualStudioVersion = 10.0.40219.1
Project("{FAE04EC0-301F-11D3-BF4B-00C04F79EFBC}") = "MongoDb_CRUD", "MongoDb_CRUD.csproj", "{4F3B7397-8228-4FD0-A64E-205BA804A1C9}"
EndProject
Global
	GlobalSection(SolutionConfigurationPlatforms) = preSolution
		Debug|Any CPU = Debug|Any CPU
		Release|Any CPU = Release|Any CPU
	EndGlobalSection
	GlobalSection(ProjectConfigurationPlatforms) = postSolution
		{4F3B7397-8228-4FD0-A64E-205BA804A1C9}.Debug|Any CPU.ActiveCfg = Debug|Any CPU
		{4F3B7397-8228-4FD0-A64E-205BA804A1C9}.Debug|Any CPU.Build.0 = Debug|Any CPU
		{4F3B7397-8228-4FD0-A64E-205BA804A1C9}.Release|Any CPU.ActiveCfg = Release|Any CPU
		{4F3B7397-8228-4FD0-A64E-205BA804A1C9}.Release|Any CPU.Build.0 = Release|Any CPU
	EndGlobalSection
	GlobalSection(SolutionProperties) = preSolution
		HideSolutionNode = FALSE
	EndGlobalSection
	GlobalSection(ExtensibilityGlobals) = postSolution
		SolutionGuid = {93EE5558-096B-4E15-B372-FA1E7A4A2C7F}
	EndGlobalSection
EndGlobal
